
Microsoft Visual Studio Solution File, Format Version 12.00
# Visual Studio Version 17
VisualStudioVersion = 17.2.32616.157
MinimumVisualStudioVersion = 10.0.40219.1
Project("{9A19103F-16F7-4668-BE54-9A1E7A4F7556}") = "Palink.Tools.Robots", "Palink.Tools.Robots\Palink.Tools.Robots.csproj", "{161EDA9A-34A5-4B31-B6FC-22C0ADD9FE71}"
EndProject
Project("{9A19103F-16F7-4668-BE54-9A1E7A4F7556}") = "Palink.Tools.Serial", "Palink.Tools.Serial\Palink.Tools.Serial.csproj", "{854358D2-B5A7-464F-88BA-281445505D5E}"
EndProject
Project("{9A19103F-16F7-4668-BE54-9A1E7A4F7556}") = "Palink.Tools.SerialPortStream", "Palink.Tools.SerialPortStream\Palink.Tools.SerialPortStream.csproj", "{65C7B3E6-EC88-41C4-8F78-0480ED8E368F}"
EndProject
Project("{9A19103F-16F7-4668-BE54-9A1E7A4F7556}") = "Palink.Tools.Configuration", "Palink.Tools.Configuration\Palink.Tools.Configuration.csproj", "{5111F447-638A-4DCA-92E8-E453C74710A4}"
EndProject
Project("{9A19103F-16F7-4668-BE54-9A1E7A4F7556}") = "Palink.Tools.Caching11", "Palink.Tools.Caching\Palink.Tools.Caching11.csproj", "{AF732581-141A-4CF3-8F7F-25DF0FEA5DD7}"
EndProject
Project("{9A19103F-16F7-4668-BE54-9A1E7A4F7556}") = "Palink.Tools.Modbus", "Palink.Tools.Modbus\Palink.Tools.Modbus.csproj", "{BF6BDDEE-8373-480B-ACA8-BE77DB31F198}"
EndProject
Project("{FAE04EC0-301F-11D3-BF4B-00C04F79EFBC}") = "Palink.Tools.Json11", "Palink.Tools.Json11\Palink.Tools.Json11.csproj", "{8B210214-C974-4ED4-9489-D87F5F5C89FF}"
EndProject
Project("{FAE04EC0-301F-11D3-BF4B-00C04F79EFBC}") = "Palink.Tools.Json13", "Palink.Tools.Json13\Palink.Tools.Json13.csproj", "{E1A093B0-CDF4-4302-8F2C-E541EC20872A}"
EndProject
Project("{FAE04EC0-301F-11D3-BF4B-00C04F79EFBC}") = "Palink.Tools.Caching13", "Palink.Tools.Caching13\Palink.Tools.Caching13.csproj", "{95FAA855-1C01-4953-A624-B30F7DAB1895}"
EndProject
Project("{FAE04EC0-301F-11D3-BF4B-00C04F79EFBC}") = "Palink.Tools.Robots.Old", "Palink.Tools.Robots.Old\Palink.Tools.Robots.Old.csproj", "{296BD5D1-CF1E-47E6-9828-8BC806FBBD3D}"
EndProject
Global
	GlobalSection(SolutionConfigurationPlatforms) = preSolution
		Debug|Any CPU = Debug|Any CPU
		Release|Any CPU = Release|Any CPU
	EndGlobalSection
	GlobalSection(ProjectConfigurationPlatforms) = postSolution
		{161EDA9A-34A5-4B31-B6FC-22C0ADD9FE71}.Debug|Any CPU.ActiveCfg = Debug|Any CPU
		{161EDA9A-34A5-4B31-B6FC-22C0ADD9FE71}.Debug|Any CPU.Build.0 = Debug|Any CPU
		{161EDA9A-34A5-4B31-B6FC-22C0ADD9FE71}.Release|Any CPU.ActiveCfg = Release|Any CPU
		{161EDA9A-34A5-4B31-B6FC-22C0ADD9FE71}.Release|Any CPU.Build.0 = Release|Any CPU
		{854358D2-B5A7-464F-88BA-281445505D5E}.Debug|Any CPU.ActiveCfg = Debug|Any CPU
		{854358D2-B5A7-464F-88BA-281445505D5E}.Debug|Any CPU.Build.0 = Debug|Any CPU
		{854358D2-B5A7-464F-88BA-281445505D5E}.Release|Any CPU.ActiveCfg = Release|Any CPU
		{854358D2-B5A7-464F-88BA-281445505D5E}.Release|Any CPU.Build.0 = Release|Any CPU
		{65C7B3E6-EC88-41C4-8F78-0480ED8E368F}.Debug|Any CPU.ActiveCfg = Debug|Any CPU
		{65C7B3E6-EC88-41C4-8F78-0480ED8E368F}.Debug|Any CPU.Build.0 = Debug|Any CPU
		{65C7B3E6-EC88-41C4-8F78-0480ED8E368F}.Release|Any CPU.ActiveCfg = Release|Any CPU
		{65C7B3E6-EC88-41C4-8F78-0480ED8E368F}.Release|Any CPU.Build.0 = Release|Any CPU
		{5111F447-638A-4DCA-92E8-E453C74710A4}.Debug|Any CPU.ActiveCfg = Debug|Any CPU
		{5111F447-638A-4DCA-92E8-E453C74710A4}.Debug|Any CPU.Build.0 = Debug|Any CPU
		{5111F447-638A-4DCA-92E8-E453C74710A4}.Release|Any CPU.ActiveCfg = Release|Any CPU
		{5111F447-638A-4DCA-92E8-E453C74710A4}.Release|Any CPU.Build.0 = Release|Any CPU
		{AF732581-141A-4CF3-8F7F-25DF0FEA5DD7}.Debug|Any CPU.ActiveCfg = Debug|Any CPU
		{AF732581-141A-4CF3-8F7F-25DF0FEA5DD7}.Debug|Any CPU.Build.0 = Debug|Any CPU
		{AF732581-141A-4CF3-8F7F-25DF0FEA5DD7}.Release|Any CPU.ActiveCfg = Release|Any CPU
		{AF732581-141A-4CF3-8F7F-25DF0FEA5DD7}.Release|Any CPU.Build.0 = Release|Any CPU
		{BF6BDDEE-8373-480B-ACA8-BE77DB31F198}.Debug|Any CPU.ActiveCfg = Debug|Any CPU
		{BF6BDDEE-8373-480B-ACA8-BE77DB31F198}.Debug|Any CPU.Build.0 = Debug|Any CPU
		{BF6BDDEE-8373-480B-ACA8-BE77DB31F198}.Release|Any CPU.ActiveCfg = Release|Any CPU
		{BF6BDDEE-8373-480B-ACA8-BE77DB31F198}.Release|Any CPU.Build.0 = Release|Any CPU
		{8B210214-C974-4ED4-9489-D87F5F5C89FF}.Debug|Any CPU.ActiveCfg = Debug|Any CPU
		{8B210214-C974-4ED4-9489-D87F5F5C89FF}.Debug|Any CPU.Build.0 = Debug|Any CPU
		{8B210214-C974-4ED4-9489-D87F5F5C89FF}.Release|Any CPU.ActiveCfg = Release|Any CPU
		{8B210214-C974-4ED4-9489-D87F5F5C89FF}.Release|Any CPU.Build.0 = Release|Any CPU
		{E1A093B0-CDF4-4302-8F2C-E541EC20872A}.Debug|Any CPU.ActiveCfg = Debug|Any CPU
		{E1A093B0-CDF4-4302-8F2C-E541EC20872A}.Debug|Any CPU.Build.0 = Debug|Any CPU
		{E1A093B0-CDF4-4302-8F2C-E541EC20872A}.Release|Any CPU.ActiveCfg = Release|Any CPU
		{E1A093B0-CDF4-4302-8F2C-E541EC20872A}.Release|Any CPU.Build.0 = Release|Any CPU
		{95FAA855-1C01-4953-A624-B30F7DAB1895}.Debug|Any CPU.ActiveCfg = Debug|Any CPU
		{95FAA855-1C01-4953-A624-B30F7DAB1895}.Debug|Any CPU.Build.0 = Debug|Any CPU
		{95FAA855-1C01-4953-A624-B30F7DAB1895}.Release|Any CPU.ActiveCfg = Release|Any CPU
		{95FAA855-1C01-4953-A624-B30F7DAB1895}.Release|Any CPU.Build.0 = Release|Any CPU
		{296BD5D1-CF1E-47E6-9828-8BC806FBBD3D}.Debug|Any CPU.ActiveCfg = Debug|Any CPU
		{296BD5D1-CF1E-47E6-9828-8BC806FBBD3D}.Debug|Any CPU.Build.0 = Debug|Any CPU
		{296BD5D1-CF1E-47E6-9828-8BC806FBBD3D}.Release|Any CPU.ActiveCfg = Release|Any CPU
		{296BD5D1-CF1E-47E6-9828-8BC806FBBD3D}.Release|Any CPU.Build.0 = Release|Any CPU
	EndGlobalSection
	GlobalSection(SolutionProperties) = preSolution
		HideSolutionNode = FALSE
	EndGlobalSection
	GlobalSection(ExtensibilityGlobals) = postSolution
		SolutionGuid = {63965138-0445-421E-AEC3-2BCDBC4C29C1}
	EndGlobalSection
EndGlobal
